{
  "requires": true,
  "lockfileVersion": 1,
  "dependencies": {
    "itcast-php-teacher2": {
      "version": "2.0.0",
      "resolved": "https://registry.npmjs.org/itcast-php-teacher2/-/itcast-php-teacher2-2.0.0.tgz",
      "integrity": "sha512-IV+xxlfS31ebxZ7eiw9KdozU3v5A1D9YPQ2Mop+2bDXPavC3Ricgs0GbVhhTrcvTNTp0tnkRwJTzVgEgPdMAnw=="
    }
  }
}
